
Microsoft Visual Studio Solution File, Format Version 12.00
# Visual Studio Version 16
VisualStudioVersion = 16.0.808.6
MinimumVisualStudioVersion = 10.0.40219.1
Project("{9A19103F-16F7-4668-BE54-9A1E7A4F7556}") = "Dag_01", "Dag_01\Dag_01.csproj", "{CB29F8F4-4B27-4EDD-AB56-38F64249B685}"
EndProject
Project("{9A19103F-16F7-4668-BE54-9A1E7A4F7556}") = "Dag_02", "Dag_02\Dag_02.csproj", "{3CE42391-C1E9-4BCE-A84A-62FBB15F3EAC}"
EndProject
Project("{9A19103F-16F7-4668-BE54-9A1E7A4F7556}") = "Dag_04", "Dag_04\Dag_04.csproj", "{CA538ED9-E2C6-4F28-B471-967A8CC1A3FB}"
EndProject
Project("{9A19103F-16F7-4668-BE54-9A1E7A4F7556}") = "Dag_03", "Dag_03\Dag_03.csproj", "{CC1B7BA9-DF99-432F-AFE2-2DA892669117}"
EndProject
Project("{9A19103F-16F7-4668-BE54-9A1E7A4F7556}") = "Dag_05", "Dag_05\Dag_05.csproj", "{07CC4F05-52F0-47D5-A903-E4A0F03CFCC8}"
EndProject
Project("{9A19103F-16F7-4668-BE54-9A1E7A4F7556}") = "Dag_06", "Dag_06\Dag_06.csproj", "{7B490E98-584D-4028-A494-7331D1B59D8D}"
EndProject
Project("{9A19103F-16F7-4668-BE54-9A1E7A4F7556}") = "Dag_07", "Dag_07\Dag_07.csproj", "{4662ACD2-6218-4081-89A8-8E189CCDF794}"
EndProject
Project("{9A19103F-16F7-4668-BE54-9A1E7A4F7556}") = "Dag_08", "Dag_08\Dag_08.csproj", "{F93B360C-2A2A-4480-9402-D04EBEBBFEBC}"
EndProject
Project("{9A19103F-16F7-4668-BE54-9A1E7A4F7556}") = "Dag_09", "Dag_09\Dag_09.csproj", "{0B8FF711-7097-464E-BBCF-95C697FEBBF7}"
EndProject
Project("{9A19103F-16F7-4668-BE54-9A1E7A4F7556}") = "Dag_10", "Dag_10\Dag_10.csproj", "{2847791C-7974-4C8F-BA52-54D2CFF1520C}"
EndProject
<<<<<<< Updated upstream
Project("{9A19103F-16F7-4668-BE54-9A1E7A4F7556}") = "Dag_11", "Dag_11\Dag_11.csproj", "{1257A887-84AC-4501-A112-6D8F9B9B3498}"
EndProject
Project("{9A19103F-16F7-4668-BE54-9A1E7A4F7556}") = "Dag_12", "Dag_12\Dag_12.csproj", "{8CEB4D51-3E93-4B63-BA57-809DC0D208E2}"
=======
Project("{FAE04EC0-301F-11D3-BF4B-00C04F79EFBC}") = "Dag_11", "Dag_11\Dag_11.csproj", "{1257A887-84AC-4501-A112-6D8F9B9B3498}"
>>>>>>> Stashed changes
EndProject
Project("{9A19103F-16F7-4668-BE54-9A1E7A4F7556}") = "Dag_13", "Dag_13\Dag_13.csproj", "{B4C32F43-39FD-411A-9878-053FC5C8A1DD}"
EndProject
Project("{FAE04EC0-301F-11D3-BF4B-00C04F79EFBC}") = "Dag_14", "Dag_14\Dag_14.csproj", "{B402B99A-7866-4779-A3C6-5A6D2842AF41}"
EndProject
Global
	GlobalSection(SolutionConfigurationPlatforms) = preSolution
		Debug|Any CPU = Debug|Any CPU
		Release|Any CPU = Release|Any CPU
	EndGlobalSection
	GlobalSection(ProjectConfigurationPlatforms) = postSolution
		{CB29F8F4-4B27-4EDD-AB56-38F64249B685}.Debug|Any CPU.ActiveCfg = Debug|Any CPU
		{CB29F8F4-4B27-4EDD-AB56-38F64249B685}.Debug|Any CPU.Build.0 = Debug|Any CPU
		{CB29F8F4-4B27-4EDD-AB56-38F64249B685}.Release|Any CPU.ActiveCfg = Release|Any CPU
		{CB29F8F4-4B27-4EDD-AB56-38F64249B685}.Release|Any CPU.Build.0 = Release|Any CPU
		{3CE42391-C1E9-4BCE-A84A-62FBB15F3EAC}.Debug|Any CPU.ActiveCfg = Debug|Any CPU
		{3CE42391-C1E9-4BCE-A84A-62FBB15F3EAC}.Debug|Any CPU.Build.0 = Debug|Any CPU
		{3CE42391-C1E9-4BCE-A84A-62FBB15F3EAC}.Release|Any CPU.ActiveCfg = Release|Any CPU
		{3CE42391-C1E9-4BCE-A84A-62FBB15F3EAC}.Release|Any CPU.Build.0 = Release|Any CPU
		{CA538ED9-E2C6-4F28-B471-967A8CC1A3FB}.Debug|Any CPU.ActiveCfg = Debug|Any CPU
		{CA538ED9-E2C6-4F28-B471-967A8CC1A3FB}.Debug|Any CPU.Build.0 = Debug|Any CPU
		{CA538ED9-E2C6-4F28-B471-967A8CC1A3FB}.Release|Any CPU.ActiveCfg = Release|Any CPU
		{CA538ED9-E2C6-4F28-B471-967A8CC1A3FB}.Release|Any CPU.Build.0 = Release|Any CPU
		{CC1B7BA9-DF99-432F-AFE2-2DA892669117}.Debug|Any CPU.ActiveCfg = Debug|Any CPU
		{CC1B7BA9-DF99-432F-AFE2-2DA892669117}.Debug|Any CPU.Build.0 = Debug|Any CPU
		{CC1B7BA9-DF99-432F-AFE2-2DA892669117}.Release|Any CPU.ActiveCfg = Release|Any CPU
		{CC1B7BA9-DF99-432F-AFE2-2DA892669117}.Release|Any CPU.Build.0 = Release|Any CPU
		{07CC4F05-52F0-47D5-A903-E4A0F03CFCC8}.Debug|Any CPU.ActiveCfg = Debug|Any CPU
		{07CC4F05-52F0-47D5-A903-E4A0F03CFCC8}.Debug|Any CPU.Build.0 = Debug|Any CPU
		{07CC4F05-52F0-47D5-A903-E4A0F03CFCC8}.Release|Any CPU.ActiveCfg = Release|Any CPU
		{07CC4F05-52F0-47D5-A903-E4A0F03CFCC8}.Release|Any CPU.Build.0 = Release|Any CPU
		{7B490E98-584D-4028-A494-7331D1B59D8D}.Debug|Any CPU.ActiveCfg = Debug|Any CPU
		{7B490E98-584D-4028-A494-7331D1B59D8D}.Debug|Any CPU.Build.0 = Debug|Any CPU
		{7B490E98-584D-4028-A494-7331D1B59D8D}.Release|Any CPU.ActiveCfg = Release|Any CPU
		{7B490E98-584D-4028-A494-7331D1B59D8D}.Release|Any CPU.Build.0 = Release|Any CPU
		{4662ACD2-6218-4081-89A8-8E189CCDF794}.Debug|Any CPU.ActiveCfg = Debug|Any CPU
		{4662ACD2-6218-4081-89A8-8E189CCDF794}.Debug|Any CPU.Build.0 = Debug|Any CPU
		{4662ACD2-6218-4081-89A8-8E189CCDF794}.Release|Any CPU.ActiveCfg = Release|Any CPU
		{4662ACD2-6218-4081-89A8-8E189CCDF794}.Release|Any CPU.Build.0 = Release|Any CPU
		{F93B360C-2A2A-4480-9402-D04EBEBBFEBC}.Debug|Any CPU.ActiveCfg = Debug|Any CPU
		{F93B360C-2A2A-4480-9402-D04EBEBBFEBC}.Debug|Any CPU.Build.0 = Debug|Any CPU
		{F93B360C-2A2A-4480-9402-D04EBEBBFEBC}.Release|Any CPU.ActiveCfg = Release|Any CPU
		{F93B360C-2A2A-4480-9402-D04EBEBBFEBC}.Release|Any CPU.Build.0 = Release|Any CPU
		{0B8FF711-7097-464E-BBCF-95C697FEBBF7}.Debug|Any CPU.ActiveCfg = Debug|Any CPU
		{0B8FF711-7097-464E-BBCF-95C697FEBBF7}.Debug|Any CPU.Build.0 = Debug|Any CPU
		{0B8FF711-7097-464E-BBCF-95C697FEBBF7}.Release|Any CPU.ActiveCfg = Release|Any CPU
		{0B8FF711-7097-464E-BBCF-95C697FEBBF7}.Release|Any CPU.Build.0 = Release|Any CPU
		{2847791C-7974-4C8F-BA52-54D2CFF1520C}.Debug|Any CPU.ActiveCfg = Debug|Any CPU
		{2847791C-7974-4C8F-BA52-54D2CFF1520C}.Debug|Any CPU.Build.0 = Debug|Any CPU
		{2847791C-7974-4C8F-BA52-54D2CFF1520C}.Release|Any CPU.ActiveCfg = Release|Any CPU
		{2847791C-7974-4C8F-BA52-54D2CFF1520C}.Release|Any CPU.Build.0 = Release|Any CPU
		{1257A887-84AC-4501-A112-6D8F9B9B3498}.Debug|Any CPU.ActiveCfg = Debug|Any CPU
		{1257A887-84AC-4501-A112-6D8F9B9B3498}.Debug|Any CPU.Build.0 = Debug|Any CPU
		{1257A887-84AC-4501-A112-6D8F9B9B3498}.Release|Any CPU.ActiveCfg = Release|Any CPU
		{1257A887-84AC-4501-A112-6D8F9B9B3498}.Release|Any CPU.Build.0 = Release|Any CPU
		{8CEB4D51-3E93-4B63-BA57-809DC0D208E2}.Debug|Any CPU.ActiveCfg = Debug|Any CPU
		{8CEB4D51-3E93-4B63-BA57-809DC0D208E2}.Debug|Any CPU.Build.0 = Debug|Any CPU
		{8CEB4D51-3E93-4B63-BA57-809DC0D208E2}.Release|Any CPU.ActiveCfg = Release|Any CPU
		{8CEB4D51-3E93-4B63-BA57-809DC0D208E2}.Release|Any CPU.Build.0 = Release|Any CPU
		{B4C32F43-39FD-411A-9878-053FC5C8A1DD}.Debug|Any CPU.ActiveCfg = Debug|Any CPU
		{B4C32F43-39FD-411A-9878-053FC5C8A1DD}.Debug|Any CPU.Build.0 = Debug|Any CPU
		{B4C32F43-39FD-411A-9878-053FC5C8A1DD}.Release|Any CPU.ActiveCfg = Release|Any CPU
		{B4C32F43-39FD-411A-9878-053FC5C8A1DD}.Release|Any CPU.Build.0 = Release|Any CPU
		{B402B99A-7866-4779-A3C6-5A6D2842AF41}.Debug|Any CPU.ActiveCfg = Debug|Any CPU
		{B402B99A-7866-4779-A3C6-5A6D2842AF41}.Debug|Any CPU.Build.0 = Debug|Any CPU
		{B402B99A-7866-4779-A3C6-5A6D2842AF41}.Release|Any CPU.ActiveCfg = Release|Any CPU
		{B402B99A-7866-4779-A3C6-5A6D2842AF41}.Release|Any CPU.Build.0 = Release|Any CPU
	EndGlobalSection
	GlobalSection(SolutionProperties) = preSolution
		HideSolutionNode = FALSE
	EndGlobalSection
	GlobalSection(ExtensibilityGlobals) = postSolution
		SolutionGuid = {C8710670-A267-4042-8021-CF881144DA1B}
	EndGlobalSection
	GlobalSection(MonoDevelopProperties) = preSolution
		Policies = $0
		$0.VersionControlPolicy = $1
	EndGlobalSection
EndGlobal
